<?xml version="1.0" encoding="UTF-8" standalone="yes" ?>
<CodeBlocks_project_file>
	<FileVersion major="1" minor="6" />
	<Project>
		<Option title="Juego" />
		<Option pch_mode="2" />
		<Option compiler="gcc" />
		<Build>
			<Target title="Debug">
				<Option output="bin/Debug/Juego" prefix_auto="1" extension_auto="1" />
				<Option object_output="obj/Debug/" />
				<Option type="1" />
				<Option compiler="gcc" />
				<Compiler>
					<Add option="-g" />
					<Add directory="SFML/include" />
					<Add directory="include" />
				</Compiler>
				<Linker>
					<Add library="sfml-graphics" />
					<Add library="sfml-window" />
					<Add library="sfml-system" />
					<Add library="sfml-audio" />
					<Add directory="SFML/lib" />
				</Linker>
			</Target>
			<Target title="Release">
				<Option output="bin/Release/Juego" prefix_auto="1" extension_auto="1" />
				<Option object_output="obj/Release/" />
				<Option type="1" />
				<Option compiler="gcc" />
				<Compiler>
					<Add option="-O2" />
					<Add directory="include" />
				</Compiler>
				<Linker>
					<Add option="-s" />
				</Linker>
			</Target>
		</Build>
		<Compiler>
			<Add option="-Wall" />
		</Compiler>
		<Unit filename="include/AnimacionAtaque.h" />
		<Unit filename="include/Colisionable.h" />
		<Unit filename="include/Escenario2.h" />
		<Unit filename="include/Funciones.h" />
		<Unit filename="include/Monstruo.h" />
		<Unit filename="include/Personaje.h" />
		<Unit filename="include/escenario1.h" />
		<Unit filename="include/escenario3.h" />
		<Unit filename="include/inventory.h" />
		<Unit filename="include/menu.h" />
		<Unit filename="main.cpp">
			<Option target="Debug" />
		</Unit>
		<Unit filename="src/AnimacionAtaque.cpp" />
		<Unit filename="src/Colisionable.cpp" />
		<Unit filename="src/Escenario2.cpp" />
		<Unit filename="src/Funciones.cpp" />
		<Unit filename="src/Monstruo.cpp" />
		<Unit filename="src/Personaje.cpp" />
		<Unit filename="src/escenario1.cpp" />
		<Unit filename="src/escenario3.cpp" />
		<Unit filename="src/inventory.cpp" />
		<Unit filename="src/menu.cpp" />
		<Extensions>
			<lib_finder disable_auto="1" />
		</Extensions>
	</Project>
</CodeBlocks_project_file>
